// !$*UTF8*$!
{
	archiveVersion = 1;
	classes = {
	};
	objectVersion = 56;
	objects = {

/* Begin PBXBuildFile section */
		72A54DAD297019DA00AAF626 /* AppDelegate.swift in Sources */ = {isa = PBXBuildFile; fileRef = 72A54DAC297019DA00AAF626 /* AppDelegate.swift */; };
		72A54DAF297019DA00AAF626 /* SceneDelegate.swift in Sources */ = {isa = PBXBuildFile; fileRef = 72A54DAE297019DA00AAF626 /* SceneDelegate.swift */; };
		72A54DB1297019DA00AAF626 /* ViewController.swift in Sources */ = {isa = PBXBuildFile; fileRef = 72A54DB0297019DA00AAF626 /* ViewController.swift */; };
		72A54DB4297019DA00AAF626 /* Main.storyboard in Resources */ = {isa = PBXBuildFile; fileRef = 72A54DB2297019DA00AAF626 /* Main.storyboard */; };
		72A54DB6297019DB00AAF626 /* Assets.xcassets in Resources */ = {isa = PBXBuildFile; fileRef = 72A54DB5297019DB00AAF626 /* Assets.xcassets */; };
		72A54DB9297019DB00AAF626 /* LaunchScreen.storyboard in Resources */ = {isa = PBXBuildFile; fileRef = 72A54DB7297019DB00AAF626 /* LaunchScreen.storyboard */; };
		72A54DC4297019DB00AAF626 /* ElementQuizTests.swift in Sources */ = {isa = PBXBuildFile; fileRef = 72A54DC3297019DB00AAF626 /* ElementQuizTests.swift */; };
		72A54DCE297019DB00AAF626 /* ElementQuizUITests.swift in Sources */ = {isa = PBXBuildFile; fileRef = 72A54DCD297019DB00AAF626 /* ElementQuizUITests.swift */; };
		72A54DD0297019DB00AAF626 /* ElementQuizUITestsLaunchTests.swift in Sources */ = {isa = PBXBuildFile; fileRef = 72A54DCF297019DB00AAF626 /* ElementQuizUITestsLaunchTests.swift */; };
/* End PBXBuildFile section */

/* Begin PBXContainerItemProxy section */
		72A54DC0297019DB00AAF626 /* PBXContainerItemProxy */ = {
			isa = PBXContainerItemProxy;
			containerPortal = 72A54DA1297019DA00AAF626 /* Project object */;
			proxyType = 1;
			remoteGlobalIDString = 72A54DA8297019DA00AAF626;
			remoteInfo = ElementQuiz;
		};
		72A54DCA297019DB00AAF626 /* PBXContainerItemProxy */ = {
			isa = PBXContainerItemProxy;
			containerPortal = 72A54DA1297019DA00AAF626 /* Project object */;
			proxyType = 1;
			remoteGlobalIDString = 72A54DA8297019DA00AAF626;
			remoteInfo = ElementQuiz;
		};
/* End PBXContainerItemProxy section */

/* Begin PBXFileReference section */
		72A54DA9297019DA00AAF626 /* ElementQuiz.app */ = {isa = PBXFileReference; explicitFileType = wrapper.application; includeInIndex = 0; path = ElementQuiz.app; sourceTree = BUILT_PRODUCTS_DIR; };
		72A54DAC297019DA00AAF626 /* AppDelegate.swift */ = {isa = PBXFileReference; lastKnownFileType = sourcecode.swift; path = AppDelegate.swift; sourceTree = "<group>"; };
		72A54DAE297019DA00AAF626 /* SceneDelegate.swift */ = {isa = PBXFileReference; lastKnownFileType = sourcecode.swift; path = SceneDelegate.swift; sourceTree = "<group>"; };
		72A54DB0297019DA00AAF626 /* ViewController.swift */ = {isa = PBXFileReference; lastKnownFileType = sourcecode.swift; path = ViewController.swift; sourceTree = "<group>"; };
		72A54DB3297019DA00AAF626 /* Base */ = {isa = PBXFileReference; lastKnownFileType = file.storyboard; name = Base; path = Base.lproj/Main.storyboard; sourceTree = "<group>"; };
		72A54DB5297019DB00AAF626 /* Assets.xcassets */ = {isa = PBXFileReference; lastKnownFileType = folder.assetcatalog; path = Assets.xcassets; sourceTree = "<group>"; };
		72A54DB8297019DB00AAF626 /* Base */ = {isa = PBXFileReference; lastKnownFileType = file.storyboard; name = Base; path = Base.lproj/LaunchScreen.storyboard; sourceTree = "<group>"; };
		72A54DBA297019DB00AAF626 /* Info.plist */ = {isa = PBXFileReference; lastKnownFileType = text.plist.xml; path = Info.plist; sourceTree = "<group>"; };
		72A54DBF297019DB00AAF626 /* ElementQuizTests.xctest */ = {isa = PBXFileReference; explicitFileType = wrapper.cfbundle; includeInIndex = 0; path = ElementQuizTests.xctest; sourceTree = BUILT_PRODUCTS_DIR; };
		72A54DC3297019DB00AAF626 /* ElementQuizTests.swift */ = {isa = PBXFileReference; lastKnownFileType = sourcecode.swift; path = ElementQuizTests.swift; sourceTree = "<group>"; };
		72A54DC9297019DB00AAF626 /* ElementQuizUITests.xctest */ = {isa = PBXFileReference; explicitFileType = wrapper.cfbundle; includeInIndex = 0; path = ElementQuizUITests.xctest; sourceTree = BUILT_PRODUCTS_DIR; };
		72A54DCD297019DB00AAF626 /* ElementQuizUITests.swift */ = {isa = PBXFileReference; lastKnownFileType = sourcecode.swift; path = ElementQuizUITests.swift; sourceTree = "<group>"; };
		72A54DCF297019DB00AAF626 /* ElementQuizUITestsLaunchTests.swift */ = {isa = PBXFileReference; lastKnownFileType = sourcecode.swift; path = ElementQuizUITestsLaunchTests.swift; sourceTree = "<group>"; };
/* End PBXFileReference section */

/* Begin PBXFrameworksBuildPhase section */
		72A54DA6297019DA00AAF626 /* Frameworks */ = {
			isa = PBXFrameworksBuildPhase;
			buildActionMask = 2147483647;
			files = (
			);
			runOnlyForDeploymentPostprocessing = 0;
		};
		72A54DBC297019DB00AAF626 /* Frameworks */ = {
			isa = PBXFrameworksBuildPhase;
			buildActionMask = 2147483647;
			files = (
			);
			runOnlyForDeploymentPostprocessing = 0;
		};
		72A54DC6297019DB00AAF626 /* Frameworks */ = {
			isa = PBXFrameworksBuildPhase;
			buildActionMask = 2147483647;
			files = (
			);
			runOnlyForDeploymentPostprocessing = 0;
		};
/* End PBXFrameworksBuildPhase section */

/* Begin PBXGroup section */
		72A54DA0297019DA00AAF626 = {
			isa = PBXGroup;
			children = (
				72A54DAB297019DA00AAF626 /* ElementQuiz */,
				72A54DC2297019DB00AAF626 /* ElementQuizTests */,
				72A54DCC297019DB00AAF626 /* ElementQuizUITests */,
				72A54DAA297019DA00AAF626 /* Products */,
			);
			sourceTree = "<group>";
		};
		72A54DAA297019DA00AAF626 /* Products */ = {
			isa = PBXGroup;
			children = (
				72A54DA9297019DA00AAF626 /* ElementQuiz.app */,
				72A54DBF297019DB00AAF626 /* ElementQuizTests.xctest */,
				72A54DC9297019DB00AAF626 /* ElementQuizUITests.xctest */,
			);
			name = Products;
			sourceTree = "<group>";
		};
		72A54DAB297019DA00AAF626 /* ElementQuiz */ = {
			isa = PBXGroup;
			children = (
				72A54DAC297019DA00AAF626 /* AppDelegate.swift */,
				72A54DAE297019DA00AAF626 /* SceneDelegate.swift */,
				72A54DB0297019DA00AAF626 /* ViewController.swift */,
				72A54DB2297019DA00AAF626 /* Main.storyboard */,
				72A54DB5297019DB00AAF626 /* Assets.xcassets */,
				72A54DB7297019DB00AAF626 /* LaunchScreen.storyboard */,
				72A54DBA297019DB00AAF626 /* Info.plist */,
			);
			path = ElementQuiz;
			sourceTree = "<group>";
		};
		72A54DC2297019DB00AAF626 /* ElementQuizTests */ = {
			isa = PBXGroup;
			children = (
				72A54DC3297019DB00AAF626 /* ElementQuizTests.swift */,
			);
			path = ElementQuizTests;
			sourceTree = "<group>";
		};
		72A54DCC297019DB00AAF626 /* ElementQuizUITests */ = {
			isa = PBXGroup;
			children = (
				72A54DCD297019DB00AAF626 /* ElementQuizUITests.swift */,
				72A54DCF297019DB00AAF626 /* ElementQuizUITestsLaunchTests.swift */,
			);
			path = ElementQuizUITests;
			sourceTree = "<group>";
		};
/* End PBXGroup section */

/* Begin PBXNativeTarget section */
		72A54DA8297019DA00AAF626 /* ElementQuiz */ = {
			isa = PBXNativeTarget;
			buildConfigurationList = 72A54DD3297019DB00AAF626 /* Build configuration list for PBXNativeTarget "ElementQuiz" */;
			buildPhases = (
				72A54DA5297019DA00AAF626 /* Sources */,
				72A54DA6297019DA00AAF626 /* Frameworks */,
				72A54DA7297019DA00AAF626 /* Resources */,
			);
			buildRules = (
			);
			dependencies = (
			);
			name = ElementQuiz;
			productName = ElementQuiz;
			productReference = 72A54DA9297019DA00AAF626 /* ElementQuiz.app */;
			productType = "com.apple.product-type.application";
		};
		72A54DBE297019DB00AAF626 /* ElementQuizTests */ = {
			isa = PBXNativeTarget;
			buildConfigurationList = 72A54DD6297019DB00AAF626 /* Build configuration list for PBXNativeTarget "ElementQuizTests" */;
			buildPhases = (
				72A54DBB297019DB00AAF626 /* Sources */,
				72A54DBC297019DB00AAF626 /* Frameworks */,
				72A54DBD297019DB00AAF626 /* Resources */,
			);
			buildRules = (
			);
			dependencies = (
				72A54DC1297019DB00AAF626 /* PBXTargetDependency */,
			);
			name = ElementQuizTests;
			productName = ElementQuizTests;
			productReference = 72A54DBF297019DB00AAF626 /* ElementQuizTests.xctest */;
			productType = "com.apple.product-type.bundle.unit-test";
		};
		72A54DC8297019DB00AAF626 /* ElementQuizUITests */ = {
			isa = PBXNativeTarget;
			buildConfigurationList = 72A54DD9297019DB00AAF626 /* Build configuration list for PBXNativeTarget "ElementQuizUITests" */;
			buildPhases = (
				72A54DC5297019DB00AAF626 /* Sources */,
				72A54DC6297019DB00AAF626 /* Frameworks */,
				72A54DC7297019DB00AAF626 /* Resources */,
			);
			buildRules = (
			);
			dependencies = (
				72A54DCB297019DB00AAF626 /* PBXTargetDependency */,
			);
			name = ElementQuizUITests;
			productName = ElementQuizUITests;
			productReference = 72A54DC9297019DB00AAF626 /* ElementQuizUITests.xctest */;
			productType = "com.apple.product-type.bundle.ui-testing";
		};
/* End PBXNativeTarget section */

/* Begin PBXProject section */
		72A54DA1297019DA00AAF626 /* Project object */ = {
			isa = PBXProject;
			attributes = {
				BuildIndependentTargetsInParallel = 1;
				LastSwiftUpdateCheck = 1410;
				LastUpgradeCheck = 1410;
				TargetAttributes = {
					72A54DA8297019DA00AAF626 = {
						CreatedOnToolsVersion = 14.1;
					};
					72A54DBE297019DB00AAF626 = {
						CreatedOnToolsVersion = 14.1;
						TestTargetID = 72A54DA8297019DA00AAF626;
					};
					72A54DC8297019DB00AAF626 = {
						CreatedOnToolsVersion = 14.1;
						TestTargetID = 72A54DA8297019DA00AAF626;
					};
				};
			};
			buildConfigurationList = 72A54DA4297019DA00AAF626 /* Build configuration list for PBXProject "ElementQuiz" */;
			compatibilityVersion = "Xcode 14.0";
			developmentRegion = en;
			hasScannedForEncodings = 0;
			knownRegions = (
				en,
				Base,
			);
			mainGroup = 72A54DA0297019DA00AAF626;
			productRefGroup = 72A54DAA297019DA00AAF626 /* Products */;
			projectDirPath = "";
			projectRoot = "";
			targets = (
				72A54DA8297019DA00AAF626 /* ElementQuiz */,
				72A54DBE297019DB00AAF626 /* ElementQuizTests */,
				72A54DC8297019DB00AAF626 /* ElementQuizUITests */,
			);
		};
/* End PBXProject section */

/* Begin PBXResourcesBuildPhase section */
		72A54DA7297019DA00AAF626 /* Resources */ = {
			isa = PBXResourcesBuildPhase;
			buildActionMask = 2147483647;
			files = (
				72A54DB9297019DB00AAF626 /* LaunchScreen.storyboard in Resources */,
				72A54DB6297019DB00AAF626 /* Assets.xcassets in Resources */,
				72A54DB4297019DA00AAF626 /* Main.storyboard in Resources */,
			);
			runOnlyForDeploymentPostprocessing = 0;
		};
		72A54DBD297019DB00AAF626 /* Resources */ = {
			isa = PBXResourcesBuildPhase;
			buildActionMask = 2147483647;
			files = (
			);
			runOnlyForDeploymentPostprocessing = 0;
		};
		72A54DC7297019DB00AAF626 /* Resources */ = {
			isa = PBXResourcesBuildPhase;
			buildActionMask = 2147483647;
			files = (
			);
			runOnlyForDeploymentPostprocessing = 0;
		};
/* End PBXResourcesBuildPhase section */

/* Begin PBXSourcesBuildPhase section */
		72A54DA5297019DA00AAF626 /* Sources */ = {
			isa = PBXSourcesBuildPhase;
			buildActionMask = 2147483647;
			files = (
				72A54DB1297019DA00AAF626 /* ViewController.swift in Sources */,
				72A54DAD297019DA00AAF626 /* AppDelegate.swift in Sources */,
				72A54DAF297019DA00AAF626 /* SceneDelegate.swift in Sources */,
			);
			runOnlyForDeploymentPostprocessing = 0;
		};
		72A54DBB297019DB00AAF626 /* Sources */ = {
			isa = PBXSourcesBuildPhase;
			buildActionMask = 2147483647;
			files = (
				72A54DC4297019DB00AAF626 /* ElementQuizTests.swift in Sources */,
			);
			runOnlyForDeploymentPostprocessing = 0;
		};
		72A54DC5297019DB00AAF626 /* Sources */ = {
			isa = PBXSourcesBuildPhase;
			buildActionMask = 2147483647;
			files = (
				72A54DD0297019DB00AAF626 /* ElementQuizUITestsLaunchTests.swift in Sources */,
				72A54DCE297019DB00AAF626 /* ElementQuizUITests.swift in Sources */,
			);
			runOnlyForDeploymentPostprocessing = 0;
		};
/* End PBXSourcesBuildPhase section */

/* Begin PBXTargetDependency section */
		72A54DC1297019DB00AAF626 /* PBXTargetDependency */ = {
			isa = PBXTargetDependency;
			target = 72A54DA8297019DA00AAF626 /* ElementQuiz */;
			targetProxy = 72A54DC0297019DB00AAF626 /* PBXContainerItemProxy */;
		};
		72A54DCB297019DB00AAF626 /* PBXTargetDependency */ = {
			isa = PBXTargetDependency;
			target = 72A54DA8297019DA00AAF626 /* ElementQuiz */;
			targetProxy = 72A54DCA297019DB00AAF626 /* PBXContainerItemProxy */;
		};
/* End PBXTargetDependency section */

/* Begin PBXVariantGroup section */
		72A54DB2297019DA00AAF626 /* Main.storyboard */ = {
			isa = PBXVariantGroup;
			children = (
				72A54DB3297019DA00AAF626 /* Base */,
			);
			name = Main.storyboard;
			sourceTree = "<group>";
		};
		72A54DB7297019DB00AAF626 /* LaunchScreen.storyboard */ = {
			isa = PBXVariantGroup;
			children = (
				72A54DB8297019DB00AAF626 /* Base */,
			);
			name = LaunchScreen.storyboard;
			sourceTree = "<group>";
		};
/* End PBXVariantGroup section */

/* Begin XCBuildConfiguration section */
		72A54DD1297019DB00AAF626 /* Debug */ = {
			isa = XCBuildConfiguration;
			buildSettings = {
				ALWAYS_SEARCH_USER_PATHS = NO;
				CLANG_ANALYZER_NONNULL = YES;
				CLANG_ANALYZER_NUMBER_OBJECT_CONVERSION = YES_AGGRESSIVE;
				CLANG_CXX_LANGUAGE_STANDARD = "gnu++20";
				CLANG_ENABLE_MODULES = YES;
				CLANG_ENABLE_OBJC_ARC = YES;
				CLANG_ENABLE_OBJC_WEAK = YES;
				CLANG_WARN_BLOCK_CAPTURE_AUTORELEASING = YES;
				CLANG_WARN_BOOL_CONVERSION = YES;
				CLANG_WARN_COMMA = YES;
				CLANG_WARN_CONSTANT_CONVERSION = YES;
				CLANG_WARN_DEPRECATED_OBJC_IMPLEMENTATIONS = YES;
				CLANG_WARN_DIRECT_OBJC_ISA_USAGE = YES_ERROR;
				CLANG_WARN_DOCUMENTATION_COMMENTS = YES;
				CLANG_WARN_EMPTY_BODY = YES;
				CLANG_WARN_ENUM_CONVERSION = YES;
				CLANG_WARN_INFINITE_RECURSION = YES;
				CLANG_WARN_INT_CONVERSION = YES;
				CLANG_WARN_NON_LITERAL_NULL_CONVERSION = YES;
				CLANG_WARN_OBJC_IMPLICIT_RETAIN_SELF = YES;
				CLANG_WARN_OBJC_LITERAL_CONVERSION = YES;
				CLANG_WARN_OBJC_ROOT_CLASS = YES_ERROR;
				CLANG_WARN_QUOTED_INCLUDE_IN_FRAMEWORK_HEADER = YES;
				CLANG_WARN_RANGE_LOOP_ANALYSIS = YES;
				CLANG_WARN_STRICT_PROTOTYPES = YES;
				CLANG_WARN_SUSPICIOUS_MOVE = YES;
				CLANG_WARN_UNGUARDED_AVAILABILITY = YES_AGGRESSIVE;
				CLANG_WARN_UNREACHABLE_CODE = YES;
				CLANG_WARN__DUPLICATE_METHOD_MATCH = YES;
				COPY_PHASE_STRIP = NO;
				DEBUG_INFORMATION_FORMAT = dwarf;
				ENABLE_STRICT_OBJC_MSGSEND = YES;
				ENABLE_TESTABILITY = YES;
				GCC_C_LANGUAGE_STANDARD = gnu11;
				GCC_DYNAMIC_NO_PIC = NO;
				GCC_NO_COMMON_BLOCKS = YES;
				GCC_OPTIMIZATION_LEVEL = 0;
				GCC_PREPROCESSOR_DEFINITIONS = (
					"DEBUG=1",
					"$(inherited)",
				);
				GCC_WARN_64_TO_32_BIT_CONVERSION = YES;
				GCC_WARN_ABOUT_RETURN_TYPE = YES_ERROR;
				GCC_WARN_UNDECLARED_SELECTOR = YES;
				GCC_WARN_UNINITIALIZED_AUTOS = YES_AGGRESSIVE;
				GCC_WARN_UNUSED_FUNCTION = YES;
				GCC_WARN_UNUSED_VARIABLE = YES;
				IPHONEOS_DEPLOYMENT_TARGET = 16.1;
				MTL_ENABLE_DEBUG_INFO = INCLUDE_SOURCE;
				MTL_FAST_MATH = YES;
				ONLY_ACTIVE_ARCH = YES;
				SDKROOT = iphoneos;
				SWIFT_ACTIVE_COMPILATION_CONDITIONS = DEBUG;
				SWIFT_OPTIMIZATION_LEVEL = "-Onone";
			};
			name = Debug;
		};
		72A54DD2297019DB00AAF626 /* Release */ = {
			isa = XCBuildConfiguration;
			buildSettings = {
				ALWAYS_SEARCH_USER_PATHS = NO;
				CLANG_ANALYZER_NONNULL = YES;
				CLANG_ANALYZER_NUMBER_OBJECT_CONVERSION = YES_AGGRESSIVE;
				CLANG_CXX_LANGUAGE_STANDARD = "gnu++20";
				CLANG_ENABLE_MODULES = YES;
				CLANG_ENABLE_OBJC_ARC = YES;
				CLANG_ENABLE_OBJC_WEAK = YES;
				CLANG_WARN_BLOCK_CAPTURE_AUTORELEASING = YES;
				CLANG_WARN_BOOL_CONVERSION = YES;
				CLANG_WARN_COMMA = YES;
				CLANG_WARN_CONSTANT_CONVERSION = YES;
				CLANG_WARN_DEPRECATED_OBJC_IMPLEMENTATIONS = YES;
				CLANG_WARN_DIRECT_OBJC_ISA_USAGE = YES_ERROR;
				CLANG_WARN_DOCUMENTATION_COMMENTS = YES;
				CLANG_WARN_EMPTY_BODY = YES;
				CLANG_WARN_ENUM_CONVERSION = YES;
				CLANG_WARN_INFINITE_RECURSION = YES;
				CLANG_WARN_INT_CONVERSION = YES;
				CLANG_WARN_NON_LITERAL_NULL_CONVERSION = YES;
				CLANG_WARN_OBJC_IMPLICIT_RETAIN_SELF = YES;
				CLANG_WARN_OBJC_LITERAL_CONVERSION = YES;
				CLANG_WARN_OBJC_ROOT_CLASS = YES_ERROR;
				CLANG_WARN_QUOTED_INCLUDE_IN_FRAMEWORK_HEADER = YES;
				CLANG_WARN_RANGE_LOOP_ANALYSIS = YES;
				CLANG_WARN_STRICT_PROTOTYPES = YES;
				CLANG_WARN_SUSPICIOUS_MOVE = YES;
				CLANG_WARN_UNGUARDED_AVAILABILITY = YES_AGGRESSIVE;
				CLANG_WARN_UNREACHABLE_CODE = YES;
				CLANG_WARN__DUPLICATE_METHOD_MATCH = YES;
				COPY_PHASE_STRIP = NO;
				DEBUG_INFORMATION_FORMAT = "dwarf-with-dsym";
				ENABLE_NS_ASSERTIONS = NO;
				ENABLE_STRICT_OBJC_MSGSEND = YES;
				GCC_C_LANGUAGE_STANDARD = gnu11;
				GCC_NO_COMMON_BLOCKS = YES;
				GCC_WARN_64_TO_32_BIT_CONVERSION = YES;
				GCC_WARN_ABOUT_RETURN_TYPE = YES_ERROR;
				GCC_WARN_UNDECLARED_SELECTOR = YES;
				GCC_WARN_UNINITIALIZED_AUTOS = YES_AGGRESSIVE;
				GCC_WARN_UNUSED_FUNCTION = YES;
				GCC_WARN_UNUSED_VARIABLE = YES;
				IPHONEOS_DEPLOYMENT_TARGET = 16.1;
				MTL_ENABLE_DEBUG_INFO = NO;
				MTL_FAST_MATH = YES;
				SDKROOT = iphoneos;
				SWIFT_COMPILATION_MODE = wholemodule;
				SWIFT_OPTIMIZATION_LEVEL = "-O";
				VALIDATE_PRODUCT = YES;
			};
			name = Release;
		};
		72A54DD4297019DB00AAF626 /* Debug */ = {
			isa = XCBuildConfiguration;
			buildSettings = {
				ASSETCATALOG_COMPILER_APPICON_NAME = AppIcon;
				ASSETCATALOG_COMPILER_GLOBAL_ACCENT_COLOR_NAME = AccentColor;
				CODE_SIGN_STYLE = Automatic;
				CURRENT_PROJECT_VERSION = 1;
				GENERATE_INFOPLIST_FILE = YES;
				INFOPLIST_FILE = ElementQuiz/Info.plist;
				INFOPLIST_KEY_UIApplicationSupportsIndirectInputEvents = YES;
				INFOPLIST_KEY_UILaunchStoryboardName = LaunchScreen;
				INFOPLIST_KEY_UIMainStoryboardFile = Main;
				INFOPLIST_KEY_UISupportedInterfaceOrientations_iPad = "UIInterfaceOrientationPortrait UIInterfaceOrientationPortraitUpsideDown UIInterfaceOrientationLandscapeLeft UIInterfaceOrientationLandscapeRight";
				INFOPLIST_KEY_UISupportedInterfaceOrientations_iPhone = "UIInterfaceOrientationPortrait UIInterfaceOrientationLandscapeLeft UIInterfaceOrientationLandscapeRight";
				LD_RUNPATH_SEARCH_PATHS = (
					"$(inherited)",
					"@executable_path/Frameworks",
				);
				MARKETING_VERSION = 1.0;
				PRODUCT_BUNDLE_IDENTIFIER = rtalboom.ElementQuiz;
				PRODUCT_NAME = "$(TARGET_NAME)";
				SWIFT_EMIT_LOC_STRINGS = YES;
				SWIFT_VERSION = 5.0;
				TARGETED_DEVICE_FAMILY = "1,2";
			};
			name = Debug;
		};
		72A54DD5297019DB00AAF626 /* Release */ = {
			isa = XCBuildConfiguration;
			buildSettings = {
				ASSETCATALOG_COMPILER_APPICON_NAME = AppIcon;
				ASSETCATALOG_COMPILER_GLOBAL_ACCENT_COLOR_NAME = AccentColor;
				CODE_SIGN_STYLE = Automatic;
				CURRENT_PROJECT_VERSION = 1;
				GENERATE_INFOPLIST_FILE = YES;
				INFOPLIST_FILE = ElementQuiz/Info.plist;
				INFOPLIST_KEY_UIApplicationSupportsIndirectInputEvents = YES;
				INFOPLIST_KEY_UILaunchStoryboardName = LaunchScreen;
				INFOPLIST_KEY_UIMainStoryboardFile = Main;
				INFOPLIST_KEY_UISupportedInterfaceOrientations_iPad = "UIInterfaceOrientationPortrait UIInterfaceOrientationPortraitUpsideDown UIInterfaceOrientationLandscapeLeft UIInterfaceOrientationLandscapeRight";
				INFOPLIST_KEY_UISupportedInterfaceOrientations_iPhone = "UIInterfaceOrientationPortrait UIInterfaceOrientationLandscapeLeft UIInterfaceOrientationLandscapeRight";
				LD_RUNPATH_SEARCH_PATHS = (
					"$(inherited)",
					"@executable_path/Frameworks",
				);
				MARKETING_VERSION = 1.0;
				PRODUCT_BUNDLE_IDENTIFIER = rtalboom.ElementQuiz;
				PRODUCT_NAME = "$(TARGET_NAME)";
				SWIFT_EMIT_LOC_STRINGS = YES;
				SWIFT_VERSION = 5.0;
				TARGETED_DEVICE_FAMILY = "1,2";
			};
			name = Release;
		};
		72A54DD7297019DB00AAF626 /* Debug */ = {
			isa = XCBuildConfiguration;
			buildSettings = {
				ALWAYS_EMBED_SWIFT_STANDARD_LIBRARIES = YES;
				BUNDLE_LOADER = "$(TEST_HOST)";
				CODE_SIGN_STYLE = Automatic;
				CURRENT_PROJECT_VERSION = 1;
				GENERATE_INFOPLIST_FILE = YES;
				IPHONEOS_DEPLOYMENT_TARGET = 16.1;
				MARKETING_VERSION = 1.0;
				PRODUCT_BUNDLE_IDENTIFIER = rtalboom.ElementQuizTests;
				PRODUCT_NAME = "$(TARGET_NAME)";
				SWIFT_EMIT_LOC_STRINGS = NO;
				SWIFT_VERSION = 5.0;
				TARGETED_DEVICE_FAMILY = "1,2";
				TEST_HOST = "$(BUILT_PRODUCTS_DIR)/ElementQuiz.app/$(BUNDLE_EXECUTABLE_FOLDER_PATH)/ElementQuiz";
			};
			name = Debug;
		};
		72A54DD8297019DB00AAF626 /* Release */ = {
			isa = XCBuildConfiguration;
			buildSettings = {
				ALWAYS_EMBED_SWIFT_STANDARD_LIBRARIES = YES;
				BUNDLE_LOADER = "$(TEST_HOST)";
				CODE_SIGN_STYLE = Automatic;
				CURRENT_PROJECT_VERSION = 1;
				GENERATE_INFOPLIST_FILE = YES;
				IPHONEOS_DEPLOYMENT_TARGET = 16.1;
				MARKETING_VERSION = 1.0;
				PRODUCT_BUNDLE_IDENTIFIER = rtalboom.ElementQuizTests;
				PRODUCT_NAME = "$(TARGET_NAME)";
				SWIFT_EMIT_LOC_STRINGS = NO;
				SWIFT_VERSION = 5.0;
				TARGETED_DEVICE_FAMILY = "1,2";
				TEST_HOST = "$(BUILT_PRODUCTS_DIR)/ElementQuiz.app/$(BUNDLE_EXECUTABLE_FOLDER_PATH)/ElementQuiz";
			};
			name = Release;
		};
		72A54DDA297019DB00AAF626 /* Debug */ = {
			isa = XCBuildConfiguration;
			buildSettings = {
				ALWAYS_EMBED_SWIFT_STANDARD_LIBRARIES = YES;
				CODE_SIGN_STYLE = Automatic;
				CURRENT_PROJECT_VERSION = 1;
				GENERATE_INFOPLIST_FILE = YES;
				MARKETING_VERSION = 1.0;
				PRODUCT_BUNDLE_IDENTIFIER = rtalboom.ElementQuizUITests;
				PRODUCT_NAME = "$(TARGET_NAME)";
				SWIFT_EMIT_LOC_STRINGS = NO;
				SWIFT_VERSION = 5.0;
				TARGETED_DEVICE_FAMILY = "1,2";
				TEST_TARGET_NAME = ElementQuiz;
			};
			name = Debug;
		};
		72A54DDB297019DB00AAF626 /* Release */ = {
			isa = XCBuildConfiguration;
			buildSettings = {
				ALWAYS_EMBED_SWIFT_STANDARD_LIBRARIES = YES;
				CODE_SIGN_STYLE = Automatic;
				CURRENT_PROJECT_VERSION = 1;
				GENERATE_INFOPLIST_FILE = YES;
				MARKETING_VERSION = 1.0;
				PRODUCT_BUNDLE_IDENTIFIER = rtalboom.ElementQuizUITests;
				PRODUCT_NAME = "$(TARGET_NAME)";
				SWIFT_EMIT_LOC_STRINGS = NO;
				SWIFT_VERSION = 5.0;
				TARGETED_DEVICE_FAMILY = "1,2";
				TEST_TARGET_NAME = ElementQuiz;
			};
			name = Release;
		};
/* End XCBuildConfiguration section */

/* Begin XCConfigurationList section */
		72A54DA4297019DA00AAF626 /* Build configuration list for PBXProject "ElementQuiz" */ = {
			isa = XCConfigurationList;
			buildConfigurations = (
				72A54DD1297019DB00AAF626 /* Debug */,
				72A54DD2297019DB00AAF626 /* Release */,
			);
			defaultConfigurationIsVisible = 0;
			defaultConfigurationName = Release;
		};
		72A54DD3297019DB00AAF626 /* Build configuration list for PBXNativeTarget "ElementQuiz" */ = {
			isa = XCConfigurationList;
			buildConfigurations = (
				72A54DD4297019DB00AAF626 /* Debug */,
				72A54DD5297019DB00AAF626 /* Release */,
			);
			defaultConfigurationIsVisible = 0;
			defaultConfigurationName = Release;
		};
		72A54DD6297019DB00AAF626 /* Build configuration list for PBXNativeTarget "ElementQuizTests" */ = {
			isa = XCConfigurationList;
			buildConfigurations = (
				72A54DD7297019DB00AAF626 /* Debug */,
				72A54DD8297019DB00AAF626 /* Release */,
			);
			defaultConfigurationIsVisible = 0;
			defaultConfigurationName = Release;
		};
		72A54DD9297019DB00AAF626 /* Build configuration list for PBXNativeTarget "ElementQuizUITests" */ = {
			isa = XCConfigurationList;
			buildConfigurations = (
				72A54DDA297019DB00AAF626 /* Debug */,
				72A54DDB297019DB00AAF626 /* Release */,
			);
			defaultConfigurationIsVisible = 0;
			defaultConfigurationName = Release;
		};
/* End XCConfigurationList section */
	};
	rootObject = 72A54DA1297019DA00AAF626 /* Project object */;
}
